
Microsoft Visual Studio Solution File, Format Version 12.00
# Visual Studio Version 17
VisualStudioVersion = 17.9.34616.47
MinimumVisualStudioVersion = 10.0.40219.1
Project("{FAE04EC0-301F-11D3-BF4B-00C04F79EFBC}") = "MedicineDoseTracker", "MedicineDoseTracker\MedicineDoseTracker.csproj", "{230842CE-E6DF-414F-BE8B-B98E1AB932B1}"
EndProject
Global
	GlobalSection(SolutionConfigurationPlatforms) = preSolution
		Debug|Any CPU = Debug|Any CPU
		Release|Any CPU = Release|Any CPU
	EndGlobalSection
	GlobalSection(ProjectConfigurationPlatforms) = postSolution
		{230842CE-E6DF-414F-BE8B-B98E1AB932B1}.Debug|Any CPU.ActiveCfg = Debug|Any CPU
		{230842CE-E6DF-414F-BE8B-B98E1AB932B1}.Debug|Any CPU.Build.0 = Debug|Any CPU
		{230842CE-E6DF-414F-BE8B-B98E1AB932B1}.Release|Any CPU.ActiveCfg = Release|Any CPU
		{230842CE-E6DF-414F-BE8B-B98E1AB932B1}.Release|Any CPU.Build.0 = Release|Any CPU
	EndGlobalSection
	GlobalSection(SolutionProperties) = preSolution
		HideSolutionNode = FALSE
	EndGlobalSection
	GlobalSection(ExtensibilityGlobals) = postSolution
		SolutionGuid = {81772B81-C4A6-491B-A8A9-72D4436038B0}
	EndGlobalSection
EndGlobal
